
Microsoft Visual Studio Solution File, Format Version 12.00
Project("{FAE04EC0-301F-11D3-BF4B-00C04F79EFBC}") = "CacheServices", "..\..\..\distributor.api.services\CacheServices\CacheServices.csproj", "{06169782-EE5B-4C19-B53B-3C02B300F38D}"
EndProject
Project("{FAE04EC0-301F-11D3-BF4B-00C04F79EFBC}") = "CacheServicesTests", "..\..\..\distributor.api.services\CacheServicesTests\CacheServicesTests.csproj", "{5C3BC1C9-BFF8-4303-B963-5F3ADC3DA8A5}"
EndProject
Global
	GlobalSection(SolutionConfigurationPlatforms) = preSolution
		Debug|Any CPU = Debug|Any CPU
		Release|Any CPU = Release|Any CPU
	EndGlobalSection
	GlobalSection(ProjectConfigurationPlatforms) = postSolution
		{06169782-EE5B-4C19-B53B-3C02B300F38D}.Debug|Any CPU.ActiveCfg = Debug|Any CPU
		{06169782-EE5B-4C19-B53B-3C02B300F38D}.Debug|Any CPU.Build.0 = Debug|Any CPU
		{06169782-EE5B-4C19-B53B-3C02B300F38D}.Release|Any CPU.ActiveCfg = Release|Any CPU
		{06169782-EE5B-4C19-B53B-3C02B300F38D}.Release|Any CPU.Build.0 = Release|Any CPU
		{5C3BC1C9-BFF8-4303-B963-5F3ADC3DA8A5}.Debug|Any CPU.ActiveCfg = Debug|Any CPU
		{5C3BC1C9-BFF8-4303-B963-5F3ADC3DA8A5}.Debug|Any CPU.Build.0 = Debug|Any CPU
		{5C3BC1C9-BFF8-4303-B963-5F3ADC3DA8A5}.Release|Any CPU.ActiveCfg = Release|Any CPU
		{5C3BC1C9-BFF8-4303-B963-5F3ADC3DA8A5}.Release|Any CPU.Build.0 = Release|Any CPU
	EndGlobalSection
EndGlobal
